
Microsoft Visual Studio Solution File, Format Version 12.00
# Visual Studio 15
VisualStudioVersion = 15.0.28307.168
MinimumVisualStudioVersion = 10.0.40219.1
Project("{2150E333-8FDC-42A3-9474-1A3956D46DE8}") = "1 - Services", "1 - Services", "{DA46AC27-BFAA-4F66-8EEA-A6F943AB76FA}"
EndProject
Project("{2150E333-8FDC-42A3-9474-1A3956D46DE8}") = "2 - Infra", "2 - Infra", "{6A977354-23FD-481A-99F0-BCEC17B7040C}"
EndProject
Project("{2150E333-8FDC-42A3-9474-1A3956D46DE8}") = "2.1 - Data", "2.1 - Data", "{7BFB2706-160F-44F1-B463-39F3476135D6}"
EndProject
Project("{2150E333-8FDC-42A3-9474-1A3956D46DE8}") = "2.2 - CrossCutting", "2.2 - CrossCutting", "{49042AA7-5D39-4D71-BFB9-CEA7795C7B11}"
EndProject
Project("{9A19103F-16F7-4668-BE54-9A1E7A4F7556}") = "Security.Infra.Data", "Security.Infra.Data\Security.Infra.Data.csproj", "{FBD053AD-7F38-4E31-B1F4-AE751EB98464}"
EndProject
Project("{9A19103F-16F7-4668-BE54-9A1E7A4F7556}") = "Security.Infra.CrossCutting.Identity", "Security.Infra.CrossCutting.Identity\Security.Infra.CrossCutting.Identity.csproj", "{6E6506D3-E9C8-4C37-B83A-946C17CAD02D}"
EndProject
Project("{9A19103F-16F7-4668-BE54-9A1E7A4F7556}") = "Security.Infra.CrossCutting.DependencyInjection", "Security.Infra.CrossCutting.DependencyInjection\Security.Infra.CrossCutting.DependencyInjection.csproj", "{3E6290B6-1C63-42F2-85CC-F015B4243F2D}"
EndProject
Project("{9A19103F-16F7-4668-BE54-9A1E7A4F7556}") = "Security.Services.Api", "Security.Services.Api\Security.Services.Api.csproj", "{44B392F3-F20D-4719-A58D-1F41E108480D}"
EndProject
Project("{9A19103F-16F7-4668-BE54-9A1E7A4F7556}") = "Security.Infra.CrossCutting.JWT", "Security.Infra.CrossCutting.JWT\Security.Infra.CrossCutting.JWT.csproj", "{C4E4022E-CD6A-49C6-A9A5-F36AF381DA18}"
EndProject
Global
	GlobalSection(SolutionConfigurationPlatforms) = preSolution
		Debug|Any CPU = Debug|Any CPU
		Release|Any CPU = Release|Any CPU
	EndGlobalSection
	GlobalSection(ProjectConfigurationPlatforms) = postSolution
		{FBD053AD-7F38-4E31-B1F4-AE751EB98464}.Debug|Any CPU.ActiveCfg = Debug|Any CPU
		{FBD053AD-7F38-4E31-B1F4-AE751EB98464}.Debug|Any CPU.Build.0 = Debug|Any CPU
		{FBD053AD-7F38-4E31-B1F4-AE751EB98464}.Release|Any CPU.ActiveCfg = Release|Any CPU
		{FBD053AD-7F38-4E31-B1F4-AE751EB98464}.Release|Any CPU.Build.0 = Release|Any CPU
		{6E6506D3-E9C8-4C37-B83A-946C17CAD02D}.Debug|Any CPU.ActiveCfg = Debug|Any CPU
		{6E6506D3-E9C8-4C37-B83A-946C17CAD02D}.Debug|Any CPU.Build.0 = Debug|Any CPU
		{6E6506D3-E9C8-4C37-B83A-946C17CAD02D}.Release|Any CPU.ActiveCfg = Release|Any CPU
		{6E6506D3-E9C8-4C37-B83A-946C17CAD02D}.Release|Any CPU.Build.0 = Release|Any CPU
		{3E6290B6-1C63-42F2-85CC-F015B4243F2D}.Debug|Any CPU.ActiveCfg = Debug|Any CPU
		{3E6290B6-1C63-42F2-85CC-F015B4243F2D}.Debug|Any CPU.Build.0 = Debug|Any CPU
		{3E6290B6-1C63-42F2-85CC-F015B4243F2D}.Release|Any CPU.ActiveCfg = Release|Any CPU
		{3E6290B6-1C63-42F2-85CC-F015B4243F2D}.Release|Any CPU.Build.0 = Release|Any CPU
		{44B392F3-F20D-4719-A58D-1F41E108480D}.Debug|Any CPU.ActiveCfg = Debug|Any CPU
		{44B392F3-F20D-4719-A58D-1F41E108480D}.Debug|Any CPU.Build.0 = Debug|Any CPU
		{44B392F3-F20D-4719-A58D-1F41E108480D}.Release|Any CPU.ActiveCfg = Release|Any CPU
		{44B392F3-F20D-4719-A58D-1F41E108480D}.Release|Any CPU.Build.0 = Release|Any CPU
		{C4E4022E-CD6A-49C6-A9A5-F36AF381DA18}.Debug|Any CPU.ActiveCfg = Debug|Any CPU
		{C4E4022E-CD6A-49C6-A9A5-F36AF381DA18}.Debug|Any CPU.Build.0 = Debug|Any CPU
		{C4E4022E-CD6A-49C6-A9A5-F36AF381DA18}.Release|Any CPU.ActiveCfg = Release|Any CPU
		{C4E4022E-CD6A-49C6-A9A5-F36AF381DA18}.Release|Any CPU.Build.0 = Release|Any CPU
	EndGlobalSection
	GlobalSection(SolutionProperties) = preSolution
		HideSolutionNode = FALSE
	EndGlobalSection
	GlobalSection(NestedProjects) = preSolution
		{7BFB2706-160F-44F1-B463-39F3476135D6} = {6A977354-23FD-481A-99F0-BCEC17B7040C}
		{49042AA7-5D39-4D71-BFB9-CEA7795C7B11} = {6A977354-23FD-481A-99F0-BCEC17B7040C}
		{FBD053AD-7F38-4E31-B1F4-AE751EB98464} = {7BFB2706-160F-44F1-B463-39F3476135D6}
		{6E6506D3-E9C8-4C37-B83A-946C17CAD02D} = {49042AA7-5D39-4D71-BFB9-CEA7795C7B11}
		{3E6290B6-1C63-42F2-85CC-F015B4243F2D} = {49042AA7-5D39-4D71-BFB9-CEA7795C7B11}
		{44B392F3-F20D-4719-A58D-1F41E108480D} = {DA46AC27-BFAA-4F66-8EEA-A6F943AB76FA}
		{C4E4022E-CD6A-49C6-A9A5-F36AF381DA18} = {49042AA7-5D39-4D71-BFB9-CEA7795C7B11}
	EndGlobalSection
	GlobalSection(ExtensibilityGlobals) = postSolution
		SolutionGuid = {A4E330F8-C5B2-4FAA-8DAE-C9BB08E2A992}
	EndGlobalSection
EndGlobal
